
Microsoft Visual Studio Solution File, Format Version 12.00
# Visual Studio Version 16
VisualStudioVersion = 16.0.29102.190
MinimumVisualStudioVersion = 10.0.40219.1
Project("{FAE04EC0-301F-11D3-BF4B-00C04F79EFBC}") = "WebApplication2", "WebApplication2\WebApplication2.csproj", "{F765988D-727C-4550-BFAA-47E47991A42D}"
EndProject
Project("{FAE04EC0-301F-11D3-BF4B-00C04F79EFBC}") = "ShopTesting", "ShopTesting\ShopTesting.csproj", "{990EA105-90BF-4BF8-915A-260A3B898DB7}"
EndProject
Global
	GlobalSection(SolutionConfigurationPlatforms) = preSolution
		Debug|Any CPU = Debug|Any CPU
		Release|Any CPU = Release|Any CPU
	EndGlobalSection
	GlobalSection(ProjectConfigurationPlatforms) = postSolution
		{F765988D-727C-4550-BFAA-47E47991A42D}.Debug|Any CPU.ActiveCfg = Debug|Any CPU
		{F765988D-727C-4550-BFAA-47E47991A42D}.Debug|Any CPU.Build.0 = Debug|Any CPU
		{F765988D-727C-4550-BFAA-47E47991A42D}.Release|Any CPU.ActiveCfg = Release|Any CPU
		{F765988D-727C-4550-BFAA-47E47991A42D}.Release|Any CPU.Build.0 = Release|Any CPU
		{990EA105-90BF-4BF8-915A-260A3B898DB7}.Debug|Any CPU.ActiveCfg = Debug|Any CPU
		{990EA105-90BF-4BF8-915A-260A3B898DB7}.Debug|Any CPU.Build.0 = Debug|Any CPU
		{990EA105-90BF-4BF8-915A-260A3B898DB7}.Release|Any CPU.ActiveCfg = Release|Any CPU
		{990EA105-90BF-4BF8-915A-260A3B898DB7}.Release|Any CPU.Build.0 = Release|Any CPU
	EndGlobalSection
	GlobalSection(SolutionProperties) = preSolution
		HideSolutionNode = FALSE
	EndGlobalSection
	GlobalSection(ExtensibilityGlobals) = postSolution
		SolutionGuid = {1D64CC69-93C3-40D2-BD72-185B87643516}
	EndGlobalSection
EndGlobal
